{
  "name": "laohuang",
  "version": "0.3.0",
  "lockfileVersion": 3,
  "requires": true,
  "packages": {
    "": {
      "name": "laohuang",
      "version": "0.3.0",
      "license": "MIT",
      "os": [
        "darwin",
        "linux"
      ],
      "bin": {
        "laohuang": "bin/laohuang.js"
      },
      "engines": {
        "node": ">=18"
      }
    }
  }
}
